
Microsoft Visual Studio Solution File, Format Version 12.00
# Visual Studio Version 16
VisualStudioVersion = 16.0.31112.23
MinimumVisualStudioVersion = 10.0.40219.1
Project("{FAE04EC0-301F-11D3-BF4B-00C04F79EFBC}") = "MVC_manyrelationship", "MVC_manyrelationship\MVC_manyrelationship.csproj", "{EBA7C124-4C3E-4B70-AC3D-92AEE22DC035}"
EndProject
Global
	GlobalSection(SolutionConfigurationPlatforms) = preSolution
		Debug|Any CPU = Debug|Any CPU
		Release|Any CPU = Release|Any CPU
	EndGlobalSection
	GlobalSection(ProjectConfigurationPlatforms) = postSolution
		{EBA7C124-4C3E-4B70-AC3D-92AEE22DC035}.Debug|Any CPU.ActiveCfg = Debug|Any CPU
		{EBA7C124-4C3E-4B70-AC3D-92AEE22DC035}.Debug|Any CPU.Build.0 = Debug|Any CPU
		{EBA7C124-4C3E-4B70-AC3D-92AEE22DC035}.Release|Any CPU.ActiveCfg = Release|Any CPU
		{EBA7C124-4C3E-4B70-AC3D-92AEE22DC035}.Release|Any CPU.Build.0 = Release|Any CPU
	EndGlobalSection
	GlobalSection(SolutionProperties) = preSolution
		HideSolutionNode = FALSE
	EndGlobalSection
	GlobalSection(ExtensibilityGlobals) = postSolution
		SolutionGuid = {957804CF-8C57-44F4-BADA-22145F16B77C}
	EndGlobalSection
EndGlobal
